// !$*UTF8*$!
{
	archiveVersion = 1;
	classes = {
	};
	objectVersion = 46;
	objects = {

/* Begin PBXBuildFile section */
		02C9CC941FC40D84001C31CE /* main.m in Sources */ = {isa = PBXBuildFile; fileRef = 02C9CC931FC40D84001C31CE /* main.m */; };
		02C9CC971FC40D84001C31CE /* AppDelegate.m in Sources */ = {isa = PBXBuildFile; fileRef = 02C9CC961FC40D84001C31CE /* AppDelegate.m */; };
		02C9CC9A1FC40D84001C31CE /* ViewController.m in Sources */ = {isa = PBXBuildFile; fileRef = 02C9CC991FC40D84001C31CE /* ViewController.m */; };
		02C9CC9D1FC40D84001C31CE /* Main.storyboard in Resources */ = {isa = PBXBuildFile; fileRef = 02C9CC9B1FC40D84001C31CE /* Main.storyboard */; };
		02C9CCA01FC40D84001C31CE /* testlab.xcdatamodeld in Sources */ = {isa = PBXBuildFile; fileRef = 02C9CC9E1FC40D84001C31CE /* testlab.xcdatamodeld */; };
		02C9CCA21FC40D84001C31CE /* Assets.xcassets in Resources */ = {isa = PBXBuildFile; fileRef = 02C9CCA11FC40D84001C31CE /* Assets.xcassets */; };
		02C9CCA51FC40D84001C31CE /* LaunchScreen.storyboard in Resources */ = {isa = PBXBuildFile; fileRef = 02C9CCA31FC40D84001C31CE /* LaunchScreen.storyboard */; };
		91F6B48C44A9C856C83A5E33 /* libPods-testlab.a in Frameworks */ = {isa = PBXBuildFile; fileRef = AFD9D9F7CDBCC7BF0759D6E3 /* libPods-testlab.a */; };
/* End PBXBuildFile section */

/* Begin PBXFileReference section */
		02C9CC8F1FC40D84001C31CE /* testlab.app */ = {isa = PBXFileReference; explicitFileType = wrapper.application; includeInIndex = 0; path = testlab.app; sourceTree = BUILT_PRODUCTS_DIR; };
		02C9CC931FC40D84001C31CE /* main.m */ = {isa = PBXFileReference; lastKnownFileType = sourcecode.c.objc; path = main.m; sourceTree = "<group>"; };
		02C9CC951FC40D84001C31CE /* AppDelegate.h */ = {isa = PBXFileReference; lastKnownFileType = sourcecode.c.h; path = AppDelegate.h; sourceTree = "<group>"; };
		02C9CC961FC40D84001C31CE /* AppDelegate.m */ = {isa = PBXFileReference; lastKnownFileType = sourcecode.c.objc; path = AppDelegate.m; sourceTree = "<group>"; };
		02C9CC981FC40D84001C31CE /* ViewController.h */ = {isa = PBXFileReference; lastKnownFileType = sourcecode.c.h; path = ViewController.h; sourceTree = "<group>"; };
		02C9CC991FC40D84001C31CE /* ViewController.m */ = {isa = PBXFileReference; lastKnownFileType = sourcecode.c.objc; path = ViewController.m; sourceTree = "<group>"; };
		02C9CC9C1FC40D84001C31CE /* Base */ = {isa = PBXFileReference; lastKnownFileType = file.storyboard; name = Base; path = Base.lproj/Main.storyboard; sourceTree = "<group>"; };
		02C9CC9F1FC40D84001C31CE /* testlab.xcdatamodel */ = {isa = PBXFileReference; lastKnownFileType = wrapper.xcdatamodel; path = testlab.xcdatamodel; sourceTree = "<group>"; };
		02C9CCA11FC40D84001C31CE /* Assets.xcassets */ = {isa = PBXFileReference; lastKnownFileType = folder.assetcatalog; path = Assets.xcassets; sourceTree = "<group>"; };
		02C9CCA41FC40D84001C31CE /* Base */ = {isa = PBXFileReference; lastKnownFileType = file.storyboard; name = Base; path = Base.lproj/LaunchScreen.storyboard; sourceTree = "<group>"; };
		02C9CCA61FC40D84001C31CE /* Info.plist */ = {isa = PBXFileReference; lastKnownFileType = text.plist.xml; path = Info.plist; sourceTree = "<group>"; };
		05153796929C64CF97F647A3 /* Pods-testlab.release.xcconfig */ = {isa = PBXFileReference; includeInIndex = 1; lastKnownFileType = text.xcconfig; name = "Pods-testlab.release.xcconfig"; path = "Pods/Target Support Files/Pods-testlab/Pods-testlab.release.xcconfig"; sourceTree = "<group>"; };
		5887FB920B96DCBFB4FCCEC6 /* Pods-testlab.debug.xcconfig */ = {isa = PBXFileReference; includeInIndex = 1; lastKnownFileType = text.xcconfig; name = "Pods-testlab.debug.xcconfig"; path = "Pods/Target Support Files/Pods-testlab/Pods-testlab.debug.xcconfig"; sourceTree = "<group>"; };
		AFD9D9F7CDBCC7BF0759D6E3 /* libPods-testlab.a */ = {isa = PBXFileReference; explicitFileType = archive.ar; includeInIndex = 0; path = "libPods-testlab.a"; sourceTree = BUILT_PRODUCTS_DIR; };
/* End PBXFileReference section */

/* Begin PBXFrameworksBuildPhase section */
		02C9CC8C1FC40D84001C31CE /* Frameworks */ = {
			isa = PBXFrameworksBuildPhase;
			buildActionMask = 2147483647;
			files = (
				91F6B48C44A9C856C83A5E33 /* libPods-testlab.a in Frameworks */,
			);
			runOnlyForDeploymentPostprocessing = 0;
		};
/* End PBXFrameworksBuildPhase section */

/* Begin PBXGroup section */
		02C9CC861FC40D83001C31CE = {
			isa = PBXGroup;
			children = (
				02C9CC911FC40D84001C31CE /* testlab */,
				02C9CC901FC40D84001C31CE /* Products */,
				2C871BB5C08660725F397D8C /* Pods */,
				181AECAD0C2D5A4EACE99AC3 /* Frameworks */,
			);
			sourceTree = "<group>";
		};
		02C9CC901FC40D84001C31CE /* Products */ = {
			isa = PBXGroup;
			children = (
				02C9CC8F1FC40D84001C31CE /* testlab.app */,
			);
			name = Products;
			sourceTree = "<group>";
		};
		02C9CC911FC40D84001C31CE /* testlab */ = {
			isa = PBXGroup;
			children = (
				02C9CC951FC40D84001C31CE /* AppDelegate.h */,
				02C9CC961FC40D84001C31CE /* AppDelegate.m */,
				02C9CC981FC40D84001C31CE /* ViewController.h */,
				02C9CC991FC40D84001C31CE /* ViewController.m */,
				02C9CC9B1FC40D84001C31CE /* Main.storyboard */,
				02C9CCA11FC40D84001C31CE /* Assets.xcassets */,
				02C9CCA31FC40D84001C31CE /* LaunchScreen.storyboard */,
				02C9CCA61FC40D84001C31CE /* Info.plist */,
				02C9CC9E1FC40D84001C31CE /* testlab.xcdatamodeld */,
				02C9CC921FC40D84001C31CE /* Supporting Files */,
			);
			path = testlab;
			sourceTree = "<group>";
		};
		02C9CC921FC40D84001C31CE /* Supporting Files */ = {
			isa = PBXGroup;
			children = (
				02C9CC931FC40D84001C31CE /* main.m */,
			);
			name = "Supporting Files";
			sourceTree = "<group>";
		};
		181AECAD0C2D5A4EACE99AC3 /* Frameworks */ = {
			isa = PBXGroup;
			children = (
				AFD9D9F7CDBCC7BF0759D6E3 /* libPods-testlab.a */,
			);
			name = Frameworks;
			sourceTree = "<group>";
		};
		2C871BB5C08660725F397D8C /* Pods */ = {
			isa = PBXGroup;
			children = (
				5887FB920B96DCBFB4FCCEC6 /* Pods-testlab.debug.xcconfig */,
				05153796929C64CF97F647A3 /* Pods-testlab.release.xcconfig */,
			);
			name = Pods;
			sourceTree = "<group>";
		};
/* End PBXGroup section */

/* Begin PBXNativeTarget section */
		02C9CC8E1FC40D84001C31CE /* testlab */ = {
			isa = PBXNativeTarget;
			buildConfigurationList = 02C9CCA91FC40D84001C31CE /* Build configuration list for PBXNativeTarget "testlab" */;
			buildPhases = (
				2D4DA20F49E600C8C7C69647 /* [CP] Check Pods Manifest.lock */,
				02C9CC8B1FC40D84001C31CE /* Sources */,
				02C9CC8C1FC40D84001C31CE /* Frameworks */,
				02C9CC8D1FC40D84001C31CE /* Resources */,
				1C3999598B77C71728B37A2A /* [CP] Embed Pods Frameworks */,
				0A2611CD0B917381F809245C /* [CP] Copy Pods Resources */,
			);
			buildRules = (
			);
			dependencies = (
			);
			name = testlab;
			productName = testlab;
			productReference = 02C9CC8F1FC40D84001C31CE /* testlab.app */;
			productType = "com.apple.product-type.application";
		};
/* End PBXNativeTarget section */

/* Begin PBXProject section */
		02C9CC871FC40D83001C31CE /* Project object */ = {
			isa = PBXProject;
			attributes = {
				LastUpgradeCheck = 0830;
				ORGANIZATIONNAME = Luffy;
				TargetAttributes = {
					02C9CC8E1FC40D84001C31CE = {
						CreatedOnToolsVersion = 8.3.2;
						ProvisioningStyle = Automatic;
					};
				};
			};
			buildConfigurationList = 02C9CC8A1FC40D83001C31CE /* Build configuration list for PBXProject "testlab" */;
			compatibilityVersion = "Xcode 3.2";
			developmentRegion = English;
			hasScannedForEncodings = 0;
			knownRegions = (
				en,
				Base,
			);
			mainGroup = 02C9CC861FC40D83001C31CE;
			productRefGroup = 02C9CC901FC40D84001C31CE /* Products */;
			projectDirPath = "";
			projectRoot = "";
			targets = (
				02C9CC8E1FC40D84001C31CE /* testlab */,
			);
		};
/* End PBXProject section */

/* Begin PBXResourcesBuildPhase section */
		02C9CC8D1FC40D84001C31CE /* Resources */ = {
			isa = PBXResourcesBuildPhase;
			buildActionMask = 2147483647;
			files = (
				02C9CCA51FC40D84001C31CE /* LaunchScreen.storyboard in Resources */,
				02C9CCA21FC40D84001C31CE /* Assets.xcassets in Resources */,
				02C9CC9D1FC40D84001C31CE /* Main.storyboard in Resources */,
			);
			runOnlyForDeploymentPostprocessing = 0;
		};
/* End PBXResourcesBuildPhase section */

/* Begin PBXShellScriptBuildPhase section */
		0A2611CD0B917381F809245C /* [CP] Copy Pods Resources */ = {
			isa = PBXShellScriptBuildPhase;
			buildActionMask = 2147483647;
			files = (
			);
			inputPaths = (
			);
			name = "[CP] Copy Pods Resources";
			outputPaths = (
			);
			runOnlyForDeploymentPostprocessing = 0;
			shellPath = /bin/sh;
			shellScript = "\"${SRCROOT}/Pods/Target Support Files/Pods-testlab/Pods-testlab-resources.sh\"\n";
			showEnvVarsInLog = 0;
		};
		1C3999598B77C71728B37A2A /* [CP] Embed Pods Frameworks */ = {
			isa = PBXShellScriptBuildPhase;
			buildActionMask = 2147483647;
			files = (
			);
			inputPaths = (
			);
			name = "[CP] Embed Pods Frameworks";
			outputPaths = (
			);
			runOnlyForDeploymentPostprocessing = 0;
			shellPath = /bin/sh;
			shellScript = "\"${SRCROOT}/Pods/Target Support Files/Pods-testlab/Pods-testlab-frameworks.sh\"\n";
			showEnvVarsInLog = 0;
		};
		2D4DA20F49E600C8C7C69647 /* [CP] Check Pods Manifest.lock */ = {
			isa = PBXShellScriptBuildPhase;
			buildActionMask = 2147483647;
			files = (
			);
			inputPaths = (
				"${PODS_PODFILE_DIR_PATH}/Podfile.lock",
				"${PODS_ROOT}/Manifest.lock",
			);
			name = "[CP] Check Pods Manifest.lock";
			outputPaths = (
				"$(DERIVED_FILE_DIR)/Pods-testlab-checkManifestLockResult.txt",
			);
			runOnlyForDeploymentPostprocessing = 0;
			shellPath = /bin/sh;
			shellScript = "diff \"${PODS_PODFILE_DIR_PATH}/Podfile.lock\" \"${PODS_ROOT}/Manifest.lock\" > /dev/null\nif [ $? != 0 ] ; then\n    # print error to STDERR\n    echo \"error: The sandbox is not in sync with the Podfile.lock. Run 'pod install' or update your CocoaPods installation.\" >&2\n    exit 1\nfi\n# This output is used by Xcode 'outputs' to avoid re-running this script phase.\necho \"SUCCESS\" > \"${SCRIPT_OUTPUT_FILE_0}\"\n";
			showEnvVarsInLog = 0;
		};
/* End PBXShellScriptBuildPhase section */

/* Begin PBXSourcesBuildPhase section */
		02C9CC8B1FC40D84001C31CE /* Sources */ = {
			isa = PBXSourcesBuildPhase;
			buildActionMask = 2147483647;
			files = (
				02C9CC9A1FC40D84001C31CE /* ViewController.m in Sources */,
				02C9CC971FC40D84001C31CE /* AppDelegate.m in Sources */,
				02C9CC941FC40D84001C31CE /* main.m in Sources */,
				02C9CCA01FC40D84001C31CE /* testlab.xcdatamodeld in Sources */,
			);
			runOnlyForDeploymentPostprocessing = 0;
		};
/* End PBXSourcesBuildPhase section */

/* Begin PBXVariantGroup section */
		02C9CC9B1FC40D84001C31CE /* Main.storyboard */ = {
			isa = PBXVariantGroup;
			children = (
				02C9CC9C1FC40D84001C31CE /* Base */,
			);
			name = Main.storyboard;
			sourceTree = "<group>";
		};
		02C9CCA31FC40D84001C31CE /* LaunchScreen.storyboard */ = {
			isa = PBXVariantGroup;
			children = (
				02C9CCA41FC40D84001C31CE /* Base */,
			);
			name = LaunchScreen.storyboard;
			sourceTree = "<group>";
		};
/* End PBXVariantGroup section */

/* Begin XCBuildConfiguration section */
		02C9CCA71FC40D84001C31CE /* Debug */ = {
			isa = XCBuildConfiguration;
			buildSettings = {
				ALWAYS_SEARCH_USER_PATHS = NO;
				CLANG_ANALYZER_NONNULL = YES;
				CLANG_ANALYZER_NUMBER_OBJECT_CONVERSION = YES_AGGRESSIVE;
				CLANG_CXX_LANGUAGE_STANDARD = "gnu++0x";
				CLANG_CXX_LIBRARY = "libc++";
				CLANG_ENABLE_MODULES = YES;
				CLANG_ENABLE_OBJC_ARC = YES;
				CLANG_WARN_BOOL_CONVERSION = YES;
				CLANG_WARN_CONSTANT_CONVERSION = YES;
				CLANG_WARN_DIRECT_OBJC_ISA_USAGE = YES_ERROR;
				CLANG_WARN_DOCUMENTATION_COMMENTS = YES;
				CLANG_WARN_EMPTY_BODY = YES;
				CLANG_WARN_ENUM_CONVERSION = YES;
				CLANG_WARN_INFINITE_RECURSION = YES;
				CLANG_WARN_INT_CONVERSION = YES;
				CLANG_WARN_OBJC_ROOT_CLASS = YES_ERROR;
				CLANG_WARN_SUSPICIOUS_MOVE = YES;
				CLANG_WARN_UNREACHABLE_CODE = YES;
				CLANG_WARN__DUPLICATE_METHOD_MATCH = YES;
				"CODE_SIGN_IDENTITY[sdk=iphoneos*]" = "iPhone Developer";
				COPY_PHASE_STRIP = NO;
				DEBUG_INFORMATION_FORMAT = dwarf;
				ENABLE_STRICT_OBJC_MSGSEND = YES;
				ENABLE_TESTABILITY = YES;
				GCC_C_LANGUAGE_STANDARD = gnu99;
				GCC_DYNAMIC_NO_PIC = NO;
				GCC_NO_COMMON_BLOCKS = YES;
				GCC_OPTIMIZATION_LEVEL = 0;
				GCC_PREPROCESSOR_DEFINITIONS = (
					"DEBUG=1",
					"$(inherited)",
				);
				GCC_WARN_64_TO_32_BIT_CONVERSION = YES;
				GCC_WARN_ABOUT_RETURN_TYPE = YES_ERROR;
				GCC_WARN_UNDECLARED_SELECTOR = YES;
				GCC_WARN_UNINITIALIZED_AUTOS = YES_AGGRESSIVE;
				GCC_WARN_UNUSED_FUNCTION = YES;
				GCC_WARN_UNUSED_VARIABLE = YES;
				IPHONEOS_DEPLOYMENT_TARGET = 10.3;
				MTL_ENABLE_DEBUG_INFO = YES;
				ONLY_ACTIVE_ARCH = YES;
				SDKROOT = iphoneos;
				TARGETED_DEVICE_FAMILY = "1,2";
			};
			name = Debug;
		};
		02C9CCA81FC40D84001C31CE /* Release */ = {
			isa = XCBuildConfiguration;
			buildSettings = {
				ALWAYS_SEARCH_USER_PATHS = NO;
				CLANG_ANALYZER_NONNULL = YES;
				CLANG_ANALYZER_NUMBER_OBJECT_CONVERSION = YES_AGGRESSIVE;
				CLANG_CXX_LANGUAGE_STANDARD = "gnu++0x";
				CLANG_CXX_LIBRARY = "libc++";
				CLANG_ENABLE_MODULES = YES;
				CLANG_ENABLE_OBJC_ARC = YES;
				CLANG_WARN_BOOL_CONVERSION = YES;
				CLANG_WARN_CONSTANT_CONVERSION = YES;
				CLANG_WARN_DIRECT_OBJC_ISA_USAGE = YES_ERROR;
				CLANG_WARN_DOCUMENTATION_COMMENTS = YES;
				CLANG_WARN_EMPTY_BODY = YES;
				CLANG_WARN_ENUM_CONVERSION = YES;
				CLANG_WARN_INFINITE_RECURSION = YES;
				CLANG_WARN_INT_CONVERSION = YES;
				CLANG_WARN_OBJC_ROOT_CLASS = YES_ERROR;
				CLANG_WARN_SUSPICIOUS_MOVE = YES;
				CLANG_WARN_UNREACHABLE_CODE = YES;
				CLANG_WARN__DUPLICATE_METHOD_MATCH = YES;
				"CODE_SIGN_IDENTITY[sdk=iphoneos*]" = "iPhone Developer";
				COPY_PHASE_STRIP = NO;
				DEBUG_INFORMATION_FORMAT = "dwarf-with-dsym";
				ENABLE_NS_ASSERTIONS = NO;
				ENABLE_STRICT_OBJC_MSGSEND = YES;
				GCC_C_LANGUAGE_STANDARD = gnu99;
				GCC_NO_COMMON_BLOCKS = YES;
				GCC_WARN_64_TO_32_BIT_CONVERSION = YES;
				GCC_WARN_ABOUT_RETURN_TYPE = YES_ERROR;
				GCC_WARN_UNDECLARED_SELECTOR = YES;
				GCC_WARN_UNINITIALIZED_AUTOS = YES_AGGRESSIVE;
				GCC_WARN_UNUSED_FUNCTION = YES;
				GCC_WARN_UNUSED_VARIABLE = YES;
				IPHONEOS_DEPLOYMENT_TARGET = 10.3;
				MTL_ENABLE_DEBUG_INFO = NO;
				SDKROOT = iphoneos;
				TARGETED_DEVICE_FAMILY = "1,2";
				VALIDATE_PRODUCT = YES;
			};
			name = Release;
		};
		02C9CCAA1FC40D84001C31CE /* Debug */ = {
			isa = XCBuildConfiguration;
			baseConfigurationReference = 5887FB920B96DCBFB4FCCEC6 /* Pods-testlab.debug.xcconfig */;
			buildSettings = {
				ASSETCATALOG_COMPILER_APPICON_NAME = AppIcon;
				INFOPLIST_FILE = testlab/Info.plist;
				LD_RUNPATH_SEARCH_PATHS = "$(inherited) @executable_path/Frameworks";
				PRODUCT_BUNDLE_IDENTIFIER = zxy.testlab;
				PRODUCT_NAME = "$(TARGET_NAME)";
			};
			name = Debug;
		};
		02C9CCAB1FC40D84001C31CE /* Release */ = {
			isa = XCBuildConfiguration;
			baseConfigurationReference = 05153796929C64CF97F647A3 /* Pods-testlab.release.xcconfig */;
			buildSettings = {
				ASSETCATALOG_COMPILER_APPICON_NAME = AppIcon;
				INFOPLIST_FILE = testlab/Info.plist;
				LD_RUNPATH_SEARCH_PATHS = "$(inherited) @executable_path/Frameworks";
				PRODUCT_BUNDLE_IDENTIFIER = zxy.testlab;
				PRODUCT_NAME = "$(TARGET_NAME)";
			};
			name = Release;
		};
/* End XCBuildConfiguration section */

/* Begin XCConfigurationList section */
		02C9CC8A1FC40D83001C31CE /* Build configuration list for PBXProject "testlab" */ = {
			isa = XCConfigurationList;
			buildConfigurations = (
				02C9CCA71FC40D84001C31CE /* Debug */,
				02C9CCA81FC40D84001C31CE /* Release */,
			);
			defaultConfigurationIsVisible = 0;
			defaultConfigurationName = Release;
		};
		02C9CCA91FC40D84001C31CE /* Build configuration list for PBXNativeTarget "testlab" */ = {
			isa = XCConfigurationList;
			buildConfigurations = (
				02C9CCAA1FC40D84001C31CE /* Debug */,
				02C9CCAB1FC40D84001C31CE /* Release */,
			);
			defaultConfigurationIsVisible = 0;
		};
/* End XCConfigurationList section */

/* Begin XCVersionGroup section */
		02C9CC9E1FC40D84001C31CE /* testlab.xcdatamodeld */ = {
			isa = XCVersionGroup;
			children = (
				02C9CC9F1FC40D84001C31CE /* testlab.xcdatamodel */,
			);
			currentVersion = 02C9CC9F1FC40D84001C31CE /* testlab.xcdatamodel */;
			path = testlab.xcdatamodeld;
			sourceTree = "<group>";
			versionGroupType = wrapper.xcdatamodel;
		};
/* End XCVersionGroup section */
	};
	rootObject = 02C9CC871FC40D83001C31CE /* Project object */;
}
